
Microsoft Visual Studio Solution File, Format Version 12.00
# Visual Studio Version 17
VisualStudioVersion = 17.0.31919.166
MinimumVisualStudioVersion = 10.0.40219.1
Project("{8BC9CEB8-8B4A-11D0-8D11-00A0C91BC942}") = "1_Time", "Time\Time.vcxproj", "{4FBAFD2F-64F9-4C24-AEA9-4D877902C2E6}"
EndProject
Project("{8BC9CEB8-8B4A-11D0-8D11-00A0C91BC942}") = "2_Hex", "Hex\Hex.vcxproj", "{28A7D207-EF2C-4FDC-820E-AA1FD44081EF}"
EndProject
Project("{8BC9CEB8-8B4A-11D0-8D11-00A0C91BC942}") = "3_Text_Editor", "3_Text_Editor\3_Text_Editor.vcxproj", "{F0F78574-613F-4D71-B9C7-BC11F696E001}"
EndProject
Project("{8BC9CEB8-8B4A-11D0-8D11-00A0C91BC942}") = "4_Film_Library", "4_Film_Library\4_Film_Library.vcxproj", "{35BBDEDB-285A-4CE4-9703-A81994997536}"
EndProject
Global
	GlobalSection(SolutionConfigurationPlatforms) = preSolution
		Debug|x64 = Debug|x64
		Debug|x86 = Debug|x86
		Release|x64 = Release|x64
		Release|x86 = Release|x86
	EndGlobalSection
	GlobalSection(ProjectConfigurationPlatforms) = postSolution
		{4FBAFD2F-64F9-4C24-AEA9-4D877902C2E6}.Debug|x64.ActiveCfg = Debug|x64
		{4FBAFD2F-64F9-4C24-AEA9-4D877902C2E6}.Debug|x64.Build.0 = Debug|x64
		{4FBAFD2F-64F9-4C24-AEA9-4D877902C2E6}.Debug|x86.ActiveCfg = Debug|Win32
		{4FBAFD2F-64F9-4C24-AEA9-4D877902C2E6}.Debug|x86.Build.0 = Debug|Win32
		{4FBAFD2F-64F9-4C24-AEA9-4D877902C2E6}.Release|x64.ActiveCfg = Release|x64
		{4FBAFD2F-64F9-4C24-AEA9-4D877902C2E6}.Release|x64.Build.0 = Release|x64
		{4FBAFD2F-64F9-4C24-AEA9-4D877902C2E6}.Release|x86.ActiveCfg = Release|Win32
		{4FBAFD2F-64F9-4C24-AEA9-4D877902C2E6}.Release|x86.Build.0 = Release|Win32
		{28A7D207-EF2C-4FDC-820E-AA1FD44081EF}.Debug|x64.ActiveCfg = Debug|x64
		{28A7D207-EF2C-4FDC-820E-AA1FD44081EF}.Debug|x64.Build.0 = Debug|x64
		{28A7D207-EF2C-4FDC-820E-AA1FD44081EF}.Debug|x86.ActiveCfg = Debug|Win32
		{28A7D207-EF2C-4FDC-820E-AA1FD44081EF}.Debug|x86.Build.0 = Debug|Win32
		{28A7D207-EF2C-4FDC-820E-AA1FD44081EF}.Release|x64.ActiveCfg = Release|x64
		{28A7D207-EF2C-4FDC-820E-AA1FD44081EF}.Release|x64.Build.0 = Release|x64
		{28A7D207-EF2C-4FDC-820E-AA1FD44081EF}.Release|x86.ActiveCfg = Release|Win32
		{28A7D207-EF2C-4FDC-820E-AA1FD44081EF}.Release|x86.Build.0 = Release|Win32
		{F0F78574-613F-4D71-B9C7-BC11F696E001}.Debug|x64.ActiveCfg = Debug|x64
		{F0F78574-613F-4D71-B9C7-BC11F696E001}.Debug|x64.Build.0 = Debug|x64
		{F0F78574-613F-4D71-B9C7-BC11F696E001}.Debug|x86.ActiveCfg = Debug|Win32
		{F0F78574-613F-4D71-B9C7-BC11F696E001}.Debug|x86.Build.0 = Debug|Win32
		{F0F78574-613F-4D71-B9C7-BC11F696E001}.Release|x64.ActiveCfg = Release|x64
		{F0F78574-613F-4D71-B9C7-BC11F696E001}.Release|x64.Build.0 = Release|x64
		{F0F78574-613F-4D71-B9C7-BC11F696E001}.Release|x86.ActiveCfg = Release|Win32
		{F0F78574-613F-4D71-B9C7-BC11F696E001}.Release|x86.Build.0 = Release|Win32
		{35BBDEDB-285A-4CE4-9703-A81994997536}.Debug|x64.ActiveCfg = Debug|x64
		{35BBDEDB-285A-4CE4-9703-A81994997536}.Debug|x64.Build.0 = Debug|x64
		{35BBDEDB-285A-4CE4-9703-A81994997536}.Debug|x86.ActiveCfg = Debug|Win32
		{35BBDEDB-285A-4CE4-9703-A81994997536}.Debug|x86.Build.0 = Debug|Win32
		{35BBDEDB-285A-4CE4-9703-A81994997536}.Release|x64.ActiveCfg = Release|x64
		{35BBDEDB-285A-4CE4-9703-A81994997536}.Release|x64.Build.0 = Release|x64
		{35BBDEDB-285A-4CE4-9703-A81994997536}.Release|x86.ActiveCfg = Release|Win32
		{35BBDEDB-285A-4CE4-9703-A81994997536}.Release|x86.Build.0 = Release|Win32
	EndGlobalSection
	GlobalSection(SolutionProperties) = preSolution
		HideSolutionNode = FALSE
	EndGlobalSection
	GlobalSection(ExtensibilityGlobals) = postSolution
		SolutionGuid = {76681934-D682-4DD4-9407-43D9A1654799}
	EndGlobalSection
EndGlobal
