
Microsoft Visual Studio Solution File, Format Version 12.00
# Visual Studio Version 17
VisualStudioVersion = 17.0.31919.166
MinimumVisualStudioVersion = 10.0.40219.1
Project("{8BC9CEB8-8B4A-11D0-8D11-00A0C91BC942}") = "Lab_1", "Hw_lab\Hw_lab.vcxproj", "{18450EF1-F095-4815-9F02-5080E949497C}"
EndProject
Project("{8BC9CEB8-8B4A-11D0-8D11-00A0C91BC942}") = "Lab_2", "Lab_2\Lab_2.vcxproj", "{3C960562-F510-437D-85DB-93C1D79C5332}"
EndProject
Project("{8BC9CEB8-8B4A-11D0-8D11-00A0C91BC942}") = "Lab_3", "Lab_3\Lab_3.vcxproj", "{26644400-3B0E-483C-8B1C-5C39FEABB7EA}"
EndProject
Project("{8BC9CEB8-8B4A-11D0-8D11-00A0C91BC942}") = "Lab_4", "Lab_4\Lab_4.vcxproj", "{E01571C8-F1BA-4F2C-BED1-9760E72C8089}"
EndProject
Project("{8BC9CEB8-8B4A-11D0-8D11-00A0C91BC942}") = "Re_Lab_2", "Re_Lab_2\Re_Lab_2.vcxproj", "{A18B8209-493A-450E-B576-E5CB842674FB}"
EndProject
Project("{8BC9CEB8-8B4A-11D0-8D11-00A0C91BC942}") = "Re_Lab_3", "Re_Lab_3\Re_Lab_3.vcxproj", "{A8DC7582-D557-47F9-85B1-8B3FD1519CF5}"
EndProject
Global
	GlobalSection(SolutionConfigurationPlatforms) = preSolution
		Debug|x64 = Debug|x64
		Debug|x86 = Debug|x86
		Release|x64 = Release|x64
		Release|x86 = Release|x86
	EndGlobalSection
	GlobalSection(ProjectConfigurationPlatforms) = postSolution
		{18450EF1-F095-4815-9F02-5080E949497C}.Debug|x64.ActiveCfg = Debug|x64
		{18450EF1-F095-4815-9F02-5080E949497C}.Debug|x64.Build.0 = Debug|x64
		{18450EF1-F095-4815-9F02-5080E949497C}.Debug|x86.ActiveCfg = Debug|Win32
		{18450EF1-F095-4815-9F02-5080E949497C}.Debug|x86.Build.0 = Debug|Win32
		{18450EF1-F095-4815-9F02-5080E949497C}.Release|x64.ActiveCfg = Release|x64
		{18450EF1-F095-4815-9F02-5080E949497C}.Release|x64.Build.0 = Release|x64
		{18450EF1-F095-4815-9F02-5080E949497C}.Release|x86.ActiveCfg = Release|Win32
		{18450EF1-F095-4815-9F02-5080E949497C}.Release|x86.Build.0 = Release|Win32
		{3C960562-F510-437D-85DB-93C1D79C5332}.Debug|x64.ActiveCfg = Debug|x64
		{3C960562-F510-437D-85DB-93C1D79C5332}.Debug|x64.Build.0 = Debug|x64
		{3C960562-F510-437D-85DB-93C1D79C5332}.Debug|x86.ActiveCfg = Debug|Win32
		{3C960562-F510-437D-85DB-93C1D79C5332}.Debug|x86.Build.0 = Debug|Win32
		{3C960562-F510-437D-85DB-93C1D79C5332}.Release|x64.ActiveCfg = Release|x64
		{3C960562-F510-437D-85DB-93C1D79C5332}.Release|x64.Build.0 = Release|x64
		{3C960562-F510-437D-85DB-93C1D79C5332}.Release|x86.ActiveCfg = Release|Win32
		{3C960562-F510-437D-85DB-93C1D79C5332}.Release|x86.Build.0 = Release|Win32
		{26644400-3B0E-483C-8B1C-5C39FEABB7EA}.Debug|x64.ActiveCfg = Debug|x64
		{26644400-3B0E-483C-8B1C-5C39FEABB7EA}.Debug|x64.Build.0 = Debug|x64
		{26644400-3B0E-483C-8B1C-5C39FEABB7EA}.Debug|x86.ActiveCfg = Debug|Win32
		{26644400-3B0E-483C-8B1C-5C39FEABB7EA}.Debug|x86.Build.0 = Debug|Win32
		{26644400-3B0E-483C-8B1C-5C39FEABB7EA}.Release|x64.ActiveCfg = Release|x64
		{26644400-3B0E-483C-8B1C-5C39FEABB7EA}.Release|x64.Build.0 = Release|x64
		{26644400-3B0E-483C-8B1C-5C39FEABB7EA}.Release|x86.ActiveCfg = Release|Win32
		{26644400-3B0E-483C-8B1C-5C39FEABB7EA}.Release|x86.Build.0 = Release|Win32
		{E01571C8-F1BA-4F2C-BED1-9760E72C8089}.Debug|x64.ActiveCfg = Debug|x64
		{E01571C8-F1BA-4F2C-BED1-9760E72C8089}.Debug|x64.Build.0 = Debug|x64
		{E01571C8-F1BA-4F2C-BED1-9760E72C8089}.Debug|x86.ActiveCfg = Debug|Win32
		{E01571C8-F1BA-4F2C-BED1-9760E72C8089}.Debug|x86.Build.0 = Debug|Win32
		{E01571C8-F1BA-4F2C-BED1-9760E72C8089}.Release|x64.ActiveCfg = Release|x64
		{E01571C8-F1BA-4F2C-BED1-9760E72C8089}.Release|x64.Build.0 = Release|x64
		{E01571C8-F1BA-4F2C-BED1-9760E72C8089}.Release|x86.ActiveCfg = Release|Win32
		{E01571C8-F1BA-4F2C-BED1-9760E72C8089}.Release|x86.Build.0 = Release|Win32
		{A18B8209-493A-450E-B576-E5CB842674FB}.Debug|x64.ActiveCfg = Debug|x64
		{A18B8209-493A-450E-B576-E5CB842674FB}.Debug|x64.Build.0 = Debug|x64
		{A18B8209-493A-450E-B576-E5CB842674FB}.Debug|x86.ActiveCfg = Debug|Win32
		{A18B8209-493A-450E-B576-E5CB842674FB}.Debug|x86.Build.0 = Debug|Win32
		{A18B8209-493A-450E-B576-E5CB842674FB}.Release|x64.ActiveCfg = Release|x64
		{A18B8209-493A-450E-B576-E5CB842674FB}.Release|x64.Build.0 = Release|x64
		{A18B8209-493A-450E-B576-E5CB842674FB}.Release|x86.ActiveCfg = Release|Win32
		{A18B8209-493A-450E-B576-E5CB842674FB}.Release|x86.Build.0 = Release|Win32
		{A8DC7582-D557-47F9-85B1-8B3FD1519CF5}.Debug|x64.ActiveCfg = Debug|x64
		{A8DC7582-D557-47F9-85B1-8B3FD1519CF5}.Debug|x64.Build.0 = Debug|x64
		{A8DC7582-D557-47F9-85B1-8B3FD1519CF5}.Debug|x86.ActiveCfg = Debug|Win32
		{A8DC7582-D557-47F9-85B1-8B3FD1519CF5}.Debug|x86.Build.0 = Debug|Win32
		{A8DC7582-D557-47F9-85B1-8B3FD1519CF5}.Release|x64.ActiveCfg = Release|x64
		{A8DC7582-D557-47F9-85B1-8B3FD1519CF5}.Release|x64.Build.0 = Release|x64
		{A8DC7582-D557-47F9-85B1-8B3FD1519CF5}.Release|x86.ActiveCfg = Release|Win32
		{A8DC7582-D557-47F9-85B1-8B3FD1519CF5}.Release|x86.Build.0 = Release|Win32
	EndGlobalSection
	GlobalSection(SolutionProperties) = preSolution
		HideSolutionNode = FALSE
	EndGlobalSection
	GlobalSection(ExtensibilityGlobals) = postSolution
		SolutionGuid = {279FD1BE-9DB0-4174-BEF0-9970B8924268}
	EndGlobalSection
EndGlobal
